
Microsoft Visual Studio Solution File, Format Version 12.00
# Visual Studio Version 17
VisualStudioVersion = 17.1.32319.34
MinimumVisualStudioVersion = 10.0.40219.1
Project("{FAE04EC0-301F-11D3-BF4B-00C04F79EFBC}") = "SpeedupPc", "SpeedupPc\SpeedupPc.csproj", "{29993888-8924-4584-9C08-D448F98BECD0}"
EndProject
Global
	GlobalSection(SolutionConfigurationPlatforms) = preSolution
		64|Any CPU = 64|Any CPU
		64|x64 = 64|x64
		Debug|Any CPU = Debug|Any CPU
		Debug|x64 = Debug|x64
		Release|Any CPU = Release|Any CPU
		Release|x64 = Release|x64
	EndGlobalSection
	GlobalSection(ProjectConfigurationPlatforms) = postSolution
		{29993888-8924-4584-9C08-D448F98BECD0}.64|Any CPU.ActiveCfg = 64|Any CPU
		{29993888-8924-4584-9C08-D448F98BECD0}.64|Any CPU.Build.0 = 64|Any CPU
		{29993888-8924-4584-9C08-D448F98BECD0}.64|x64.ActiveCfg = 64|x64
		{29993888-8924-4584-9C08-D448F98BECD0}.64|x64.Build.0 = 64|x64
		{29993888-8924-4584-9C08-D448F98BECD0}.Debug|Any CPU.ActiveCfg = 64|x64
		{29993888-8924-4584-9C08-D448F98BECD0}.Debug|Any CPU.Build.0 = 64|x64
		{29993888-8924-4584-9C08-D448F98BECD0}.Debug|x64.ActiveCfg = Debug|x64
		{29993888-8924-4584-9C08-D448F98BECD0}.Debug|x64.Build.0 = Debug|x64
		{29993888-8924-4584-9C08-D448F98BECD0}.Release|Any CPU.ActiveCfg = Release|Any CPU
		{29993888-8924-4584-9C08-D448F98BECD0}.Release|Any CPU.Build.0 = Release|Any CPU
		{29993888-8924-4584-9C08-D448F98BECD0}.Release|x64.ActiveCfg = Release|x64
		{29993888-8924-4584-9C08-D448F98BECD0}.Release|x64.Build.0 = Release|x64
	EndGlobalSection
	GlobalSection(SolutionProperties) = preSolution
		HideSolutionNode = FALSE
	EndGlobalSection
	GlobalSection(ExtensibilityGlobals) = postSolution
		SolutionGuid = {B09FAEE9-643E-458C-AD20-FEE0624A1667}
	EndGlobalSection
EndGlobal
